{
  "name": "simple-masonry-layout",
  "version": "1.0.0",
  "lockfileVersion": 2,
  "requires": true,
  "packages": {
    "": {
      "name": "simple-masonry-layout",
      "version": "1.0.0",
      "license": "ISC",
      "workspaces": [
        "packages/docs",
        "packages/demos",
        "packages/simple-masonry-layout"
      ]
    },
    "node_modules/demos": {
      "resolved": "packages/demos",
      "link": true
    },
    "node_modules/docs": {
      "resolved": "packages/docs",
      "link": true
    },
    "node_modules/simple-masonry-layout": {
      "resolved": "packages/simple-masonry-layout",
      "link": true
    },
    "packages/demos": {
      "version": "0.0.1",
      "license": "MIT",
      "devDependencies": {}
    },
    "packages/docs": {
      "version": "0.0.1",
      "license": "MIT"
    },
    "packages/simple-masonry-layout": {
      "version": "2.0.0",
      "license": "MIT",
      "devDependencies": {}
    }
  },
  "dependencies": {
    "demos": {
      "version": "file:packages/demos"
    },
    "docs": {
      "version": "file:packages/docs"
    },
    "simple-masonry-layout": {
      "version": "file:packages/simple-masonry-layout"
    }
  }
}
